
Microsoft Visual Studio Solution File, Format Version 12.00
# Visual Studio 15
VisualStudioVersion = 15.0.27130.2020
MinimumVisualStudioVersion = 10.0.40219.1
Project("{FAE04EC0-301F-11D3-BF4B-00C04F79EFBC}") = "Assignment7", "Assignment7\Assignment7.csproj", "{60A5B4DD-53C4-485B-AA53-C4EE01D60928}"
EndProject
Global
	GlobalSection(SolutionConfigurationPlatforms) = preSolution
		Debug|Any CPU = Debug|Any CPU
		Release|Any CPU = Release|Any CPU
	EndGlobalSection
	GlobalSection(ProjectConfigurationPlatforms) = postSolution
		{60A5B4DD-53C4-485B-AA53-C4EE01D60928}.Debug|Any CPU.ActiveCfg = Debug|Any CPU
		{60A5B4DD-53C4-485B-AA53-C4EE01D60928}.Debug|Any CPU.Build.0 = Debug|Any CPU
		{60A5B4DD-53C4-485B-AA53-C4EE01D60928}.Release|Any CPU.ActiveCfg = Release|Any CPU
		{60A5B4DD-53C4-485B-AA53-C4EE01D60928}.Release|Any CPU.Build.0 = Release|Any CPU
	EndGlobalSection
	GlobalSection(SolutionProperties) = preSolution
		HideSolutionNode = FALSE
	EndGlobalSection
	GlobalSection(ExtensibilityGlobals) = postSolution
		SolutionGuid = {1DA0247A-6FC0-4ACE-9358-12D9BC2E7853}
	EndGlobalSection
EndGlobal
